# THIS IS AN AUTOGENERATED FILE. DO NOT EDIT THIS FILE DIRECTLY.
# yarn lockfile v1


"@firebase/analytics-types@0.5.0":
  version "0.5.0"
  resolved "https://registry.yarnpkg.com/@firebase/analytics-types/-/analytics-types-0.5.0.tgz#cfa1dc34034fc478eca360f5faa4b4d0466892ce"
  integrity sha512-VTV5Xtq5gVabbL/4n6pBtMJWcQBgOUDE2XbEHl8EOuwRaU9weyGUS7ofbisDkpl1RlFU1aewnc33pbLcYbi0iQ==

"@firebase/analytics@^0.6.16":
  version "0.6.16"
  resolved "https://registry.yarnpkg.com/@firebase/analytics/-/analytics-0.6.16.tgz#27bb3220ae70f83bb5c2ebde1e78087abfbf17f5"
  integrity sha512-eBYWKf7S7xmDFi3cWLs7Z6x4Hn1AG1oy2Xp/RvfyamhqI2X8GbgyCif/+q7orh+MWnNwipblVT93YajhhXpQcQ==
  dependencies:
    "@firebase/analytics-types" "0.5.0"
    "@firebase/component" "0.5.5"
    "@firebase/installations" "0.4.31"
    "@firebase/logger" "0.2.6"
    "@firebase/util" "1.2.0"
    tslib "^2.1.0"

"@firebase/app-types@0.6.3":
  version "0.6.3"
  resolved "https://registry.yarnpkg.com/@firebase/app-types/-/app-types-0.6.3.tgz#3f10514786aad846d74cd63cb693556309918f4b"
  integrity sha512-/M13DPPati7FQHEQ9Minjk1HGLm/4K4gs9bR4rzLCWJg64yGtVC0zNg9gDpkw9yc2cvol/mNFxqTtd4geGrwdw==

"@firebase/app@^0.6.29":
  version "0.6.29"
  resolved "https://registry.yarnpkg.com/@firebase/app/-/app-0.6.29.tgz#e2f88274b39917ab766f9fe73da48c353eaed557"
  integrity sha512-duCzk9/BSVVsb5Y9b0rnvGSuD5zQA/JghiQsccRl+lA4xiUYjFudTU4cVFftkw+0zzeYBHn4KiVxchsva1O9dA==
  dependencies:
    "@firebase/app-types" "0.6.3"
    "@firebase/component" "0.5.5"
    "@firebase/logger" "0.2.6"
    "@firebase/util" "1.2.0"
    dom-storage "2.1.0"
    tslib "^2.1.0"
    xmlhttprequest "1.8.0"

"@firebase/component@0.5.5":
  version "0.5.5"
  resolved "https://registry.yarnpkg.com/@firebase/component/-/component-0.5.5.tgz#849ccf7cbf0398a43058f274ffcd43620ae9521f"
  integrity sha512-L41SdS/4a164jx2iGfakJgaBUPPBI3DI+RrUlmh3oHSUljTeCwfj/Nhcv3S7e2lyXsGFJtAyepfPUx4IQ05crw==
  dependencies:
    "@firebase/util" "1.2.0"
    tslib "^2.1.0"

"@firebase/installations-types@0.3.4":
  version "0.3.4"
  resolved "https://registry.yarnpkg.com/@firebase/installations-types/-/installations-types-0.3.4.tgz#589a941d713f4f64bf9f4feb7f463505bab1afa2"
  integrity sha512-RfePJFovmdIXb6rYwtngyxuEcWnOrzdZd9m7xAW0gRxDIjBT20n3BOhjpmgRWXo/DAxRmS7bRjWAyTHY9cqN7Q==

"@firebase/installations@0.4.31":
  version "0.4.31"
  resolved "https://registry.yarnpkg.com/@firebase/installations/-/installations-0.4.31.tgz#dbde30c0542fb4343b075f0574d4e0d0f4b49aa7"
  integrity sha512-qWolhAgMHvD3avsNCl+K8+untzoDDFQIRR8At8kyWMKKosy0vttdWTWzjvDoZbyKU6r0RNlxDUWAgV88Q8EudQ==
  dependencies:
    "@firebase/component" "0.5.5"
    "@firebase/installations-types" "0.3.4"
    "@firebase/util" "1.2.0"
    idb "3.0.2"
    tslib "^2.1.0"

"@firebase/logger@0.2.6":
  version "0.2.6"
  resolved "https://registry.yarnpkg.com/@firebase/logger/-/logger-0.2.6.tgz#3aa2ca4fe10327cabf7808bd3994e88db26d7989"
  integrity sha512-KIxcUvW/cRGWlzK9Vd2KB864HlUnCfdTH0taHE0sXW5Xl7+W68suaeau1oKNEqmc3l45azkd4NzXTCWZRZdXrw==

"@firebase/util@1.2.0":
  version "1.2.0"
  resolved "https://registry.yarnpkg.com/@firebase/util/-/util-1.2.0.tgz#4d4e419bf8c9bc1bc51308d1953dc2e4353c0770"
  integrity sha512-8W9TTGImXr9cu+oyjBJ7yjoEd/IVAv0pBZA4c1uIuKrpGZi2ee38m+8xlZOBRmsAaOU/tR9DXz1WF/oeM6Fb7Q==
  dependencies:
    tslib "^2.1.0"

"@types/node@^15.12.1":
  version "15.12.2"
  resolved "https://registry.yarnpkg.com/@types/node/-/node-15.12.2.tgz#1f2b42c4be7156ff4a6f914b2fb03d05fa84e38d"
  integrity sha512-zjQ69G564OCIWIOHSXyQEEDpdpGl+G348RAKY0XXy9Z5kU9Vzv1GMNnkar/ZJ8dzXB3COzD9Mo9NtRZ4xfgUww==

dom-storage@2.1.0:
  version "2.1.0"
  resolved "https://registry.yarnpkg.com/dom-storage/-/dom-storage-2.1.0.tgz#00fb868bc9201357ea243c7bcfd3304c1e34ea39"
  integrity sha512-g6RpyWXzl0RR6OTElHKBl7nwnK87GUyZMYC7JWsB/IA73vpqK2K6LT39x4VepLxlSsWBFrPVLnsSR5Jyty0+2Q==

esbuild@^0.12.6:
  version "0.12.7"
  resolved "https://registry.yarnpkg.com/esbuild/-/esbuild-0.12.7.tgz#0243ff94b241d9c815720083633731bc5b601b24"
  integrity sha512-vxENKWBo928ErLiT/uUv8Sl2EoC5cF3cZzCTc8hDEh9ZAZ75xblJCr72NeJo74lxWaGopIePZPIWq1qDpLUHQQ==

idb@3.0.2:
  version "3.0.2"
  resolved "https://registry.yarnpkg.com/idb/-/idb-3.0.2.tgz#c8e9122d5ddd40f13b60ae665e4862f8b13fa384"
  integrity sha512-+FLa/0sTXqyux0o6C+i2lOR0VoS60LU/jzUo5xjfY6+7sEEgy4Gz1O7yFBXvjd7N0NyIGWIRg8DcQSLEG+VSPw==

tslib@^2.1.0:
  version "2.3.0"
  resolved "https://registry.yarnpkg.com/tslib/-/tslib-2.3.0.tgz#803b8cdab3e12ba581a4ca41c8839bbb0dacb09e"
  integrity sha512-N82ooyxVNm6h1riLCoyS9e3fuJ3AMG2zIZs2Gd1ATcSFjSA23Q0fzjjZeh0jbJvWVDZ0cJT8yaNNaaXHzueNjg==

uglify-js@^3.13.9:
  version "3.13.9"
  resolved "https://registry.yarnpkg.com/uglify-js/-/uglify-js-3.13.9.tgz#4d8d21dcd497f29cfd8e9378b9df123ad025999b"
  integrity sha512-wZbyTQ1w6Y7fHdt8sJnHfSIuWeDgk6B5rCb4E/AM6QNNPbOMIZph21PW5dRB3h7Df0GszN+t7RuUH6sWK5bF0g==

xmlhttprequest@1.8.0:
  version "1.8.0"
  resolved "https://registry.yarnpkg.com/xmlhttprequest/-/xmlhttprequest-1.8.0.tgz#67fe075c5c24fef39f9d65f5f7b7fe75171968fc"
  integrity sha1-Z/4HXFwk/vOfnWX197f+dRcZaPw=
